// !$*UTF8*$!
{
	archiveVersion = 1;
	classes = {
	};
	objectVersion = 46;
	objects = {

/* Begin PBXBuildFile section */
		2B58AABC6BD34E7E8925543A /* libPods.a in Frameworks */ = {isa = PBXBuildFile; fileRef = 309BC57378ED454B82B3E3F4 /* libPods.a */; };
		A67E4BD5186AC67900CC625B /* Foundation.framework in Frameworks */ = {isa = PBXBuildFile; fileRef = A67E4BD4186AC67900CC625B /* Foundation.framework */; };
		A67E4BD7186AC67900CC625B /* CoreGraphics.framework in Frameworks */ = {isa = PBXBuildFile; fileRef = A67E4BD6186AC67900CC625B /* CoreGraphics.framework */; };
		A67E4BD9186AC67900CC625B /* UIKit.framework in Frameworks */ = {isa = PBXBuildFile; fileRef = A67E4BD8186AC67900CC625B /* UIKit.framework */; };
		A67E4BDF186AC67900CC625B /* InfoPlist.strings in Resources */ = {isa = PBXBuildFile; fileRef = A67E4BDD186AC67900CC625B /* InfoPlist.strings */; };
		A67E4BE1186AC67900CC625B /* main.m in Sources */ = {isa = PBXBuildFile; fileRef = A67E4BE0186AC67900CC625B /* main.m */; };
		A67E4BE5186AC67900CC625B /* AppDelegate.m in Sources */ = {isa = PBXBuildFile; fileRef = A67E4BE4186AC67900CC625B /* AppDelegate.m */; };
		A67E4BE8186AC67900CC625B /* Main.storyboard in Resources */ = {isa = PBXBuildFile; fileRef = A67E4BE6186AC67900CC625B /* Main.storyboard */; };
		A67E4BEB186AC67900CC625B /* ViewController.m in Sources */ = {isa = PBXBuildFile; fileRef = A67E4BEA186AC67900CC625B /* ViewController.m */; };
		A67E4BED186AC67900CC625B /* Images.xcassets in Resources */ = {isa = PBXBuildFile; fileRef = A67E4BEC186AC67900CC625B /* Images.xcassets */; };
		A67E4BF4186AC67900CC625B /* XCTest.framework in Frameworks */ = {isa = PBXBuildFile; fileRef = A67E4BF3186AC67900CC625B /* XCTest.framework */; };
		A67E4BF5186AC67900CC625B /* Foundation.framework in Frameworks */ = {isa = PBXBuildFile; fileRef = A67E4BD4186AC67900CC625B /* Foundation.framework */; };
		A67E4BF6186AC67900CC625B /* UIKit.framework in Frameworks */ = {isa = PBXBuildFile; fileRef = A67E4BD8186AC67900CC625B /* UIKit.framework */; };
		A67E4BFE186AC67900CC625B /* InfoPlist.strings in Resources */ = {isa = PBXBuildFile; fileRef = A67E4BFC186AC67900CC625B /* InfoPlist.strings */; };
		A67E4C00186AC67900CC625B /* TestTests.m in Sources */ = {isa = PBXBuildFile; fileRef = A67E4BFF186AC67900CC625B /* TestTests.m */; };
		A67E4C0E186AC76800CC625B /* Foundation.framework in Frameworks */ = {isa = PBXBuildFile; fileRef = A67E4BD4186AC67900CC625B /* Foundation.framework */; };
		A67E4C0F186AC76800CC625B /* CoreGraphics.framework in Frameworks */ = {isa = PBXBuildFile; fileRef = A67E4BD6186AC67900CC625B /* CoreGraphics.framework */; };
		A67E4C10186AC76800CC625B /* UIKit.framework in Frameworks */ = {isa = PBXBuildFile; fileRef = A67E4BD8186AC67900CC625B /* UIKit.framework */; };
		A67E4C16186AC76800CC625B /* InfoPlist.strings in Resources */ = {isa = PBXBuildFile; fileRef = A67E4C14186AC76800CC625B /* InfoPlist.strings */; };
		A67E4C18186AC76800CC625B /* main.m in Sources */ = {isa = PBXBuildFile; fileRef = A67E4C17186AC76800CC625B /* main.m */; };
		A67E4C24186AC76800CC625B /* Images.xcassets in Resources */ = {isa = PBXBuildFile; fileRef = A67E4C23186AC76800CC625B /* Images.xcassets */; };
		A67E4C2A186AC76800CC625B /* XCTest.framework in Frameworks */ = {isa = PBXBuildFile; fileRef = A67E4BF3186AC67900CC625B /* XCTest.framework */; };
		A67E4C2B186AC76800CC625B /* Foundation.framework in Frameworks */ = {isa = PBXBuildFile; fileRef = A67E4BD4186AC67900CC625B /* Foundation.framework */; };
		A67E4C2C186AC76800CC625B /* UIKit.framework in Frameworks */ = {isa = PBXBuildFile; fileRef = A67E4BD8186AC67900CC625B /* UIKit.framework */; };
		A67E4C34186AC76900CC625B /* InfoPlist.strings in Resources */ = {isa = PBXBuildFile; fileRef = A67E4C32186AC76900CC625B /* InfoPlist.strings */; };
		A67E4C36186AC76900CC625B /* TestLitTests.m in Sources */ = {isa = PBXBuildFile; fileRef = A67E4C35186AC76900CC625B /* TestLitTests.m */; };
		A67E4C3D186AC7E400CC625B /* AppDelegate.m in Sources */ = {isa = PBXBuildFile; fileRef = A67E4BE4186AC67900CC625B /* AppDelegate.m */; };
		A67E4C3E186AC7EE00CC625B /* Main.storyboard in Resources */ = {isa = PBXBuildFile; fileRef = A67E4BE6186AC67900CC625B /* Main.storyboard */; };
		A67E4C3F186AC7F000CC625B /* ViewController.m in Sources */ = {isa = PBXBuildFile; fileRef = A67E4BEA186AC67900CC625B /* ViewController.m */; };
		A79FF296805849FCAFBD2F65 /* libPods.a in Frameworks */ = {isa = PBXBuildFile; fileRef = 309BC57378ED454B82B3E3F4 /* libPods.a */; };
/* End PBXBuildFile section */

/* Begin PBXContainerItemProxy section */
		A67E4BF7186AC67900CC625B /* PBXContainerItemProxy */ = {
			isa = PBXContainerItemProxy;
			containerPortal = A67E4BC9186AC67900CC625B /* Project object */;
			proxyType = 1;
			remoteGlobalIDString = A67E4BD0186AC67900CC625B;
			remoteInfo = Test;
		};
		A67E4C2D186AC76800CC625B /* PBXContainerItemProxy */ = {
			isa = PBXContainerItemProxy;
			containerPortal = A67E4BC9186AC67900CC625B /* Project object */;
			proxyType = 1;
			remoteGlobalIDString = A67E4C0C186AC76800CC625B;
			remoteInfo = TestLit;
		};
/* End PBXContainerItemProxy section */

/* Begin PBXFileReference section */
		309BC57378ED454B82B3E3F4 /* libPods.a */ = {isa = PBXFileReference; explicitFileType = archive.ar; includeInIndex = 0; path = libPods.a; sourceTree = BUILT_PRODUCTS_DIR; };
		A67E4BD1186AC67900CC625B /* Test.app */ = {isa = PBXFileReference; explicitFileType = wrapper.application; includeInIndex = 0; path = Test.app; sourceTree = BUILT_PRODUCTS_DIR; };
		A67E4BD4186AC67900CC625B /* Foundation.framework */ = {isa = PBXFileReference; lastKnownFileType = wrapper.framework; name = Foundation.framework; path = System/Library/Frameworks/Foundation.framework; sourceTree = SDKROOT; };
		A67E4BD6186AC67900CC625B /* CoreGraphics.framework */ = {isa = PBXFileReference; lastKnownFileType = wrapper.framework; name = CoreGraphics.framework; path = System/Library/Frameworks/CoreGraphics.framework; sourceTree = SDKROOT; };
		A67E4BD8186AC67900CC625B /* UIKit.framework */ = {isa = PBXFileReference; lastKnownFileType = wrapper.framework; name = UIKit.framework; path = System/Library/Frameworks/UIKit.framework; sourceTree = SDKROOT; };
		A67E4BDC186AC67900CC625B /* Test-Info.plist */ = {isa = PBXFileReference; lastKnownFileType = text.plist.xml; path = "Test-Info.plist"; sourceTree = "<group>"; };
		A67E4BDE186AC67900CC625B /* en */ = {isa = PBXFileReference; lastKnownFileType = text.plist.strings; name = en; path = en.lproj/InfoPlist.strings; sourceTree = "<group>"; };
		A67E4BE0186AC67900CC625B /* main.m */ = {isa = PBXFileReference; lastKnownFileType = sourcecode.c.objc; path = main.m; sourceTree = "<group>"; };
		A67E4BE2186AC67900CC625B /* Test-Prefix.pch */ = {isa = PBXFileReference; lastKnownFileType = sourcecode.c.h; path = "Test-Prefix.pch"; sourceTree = "<group>"; };
		A67E4BE3186AC67900CC625B /* AppDelegate.h */ = {isa = PBXFileReference; lastKnownFileType = sourcecode.c.h; path = AppDelegate.h; sourceTree = "<group>"; };
		A67E4BE4186AC67900CC625B /* AppDelegate.m */ = {isa = PBXFileReference; lastKnownFileType = sourcecode.c.objc; path = AppDelegate.m; sourceTree = "<group>"; };
		A67E4BE7186AC67900CC625B /* Base */ = {isa = PBXFileReference; lastKnownFileType = file.storyboard; name = Base; path = Base.lproj/Main.storyboard; sourceTree = "<group>"; };
		A67E4BE9186AC67900CC625B /* ViewController.h */ = {isa = PBXFileReference; lastKnownFileType = sourcecode.c.h; path = ViewController.h; sourceTree = "<group>"; };
		A67E4BEA186AC67900CC625B /* ViewController.m */ = {isa = PBXFileReference; lastKnownFileType = sourcecode.c.objc; path = ViewController.m; sourceTree = "<group>"; };
		A67E4BEC186AC67900CC625B /* Images.xcassets */ = {isa = PBXFileReference; lastKnownFileType = folder.assetcatalog; path = Images.xcassets; sourceTree = "<group>"; };
		A67E4BF2186AC67900CC625B /* TestTests.xctest */ = {isa = PBXFileReference; explicitFileType = wrapper.cfbundle; includeInIndex = 0; path = TestTests.xctest; sourceTree = BUILT_PRODUCTS_DIR; };
		A67E4BF3186AC67900CC625B /* XCTest.framework */ = {isa = PBXFileReference; lastKnownFileType = wrapper.framework; name = XCTest.framework; path = Library/Frameworks/XCTest.framework; sourceTree = DEVELOPER_DIR; };
		A67E4BFB186AC67900CC625B /* TestTests-Info.plist */ = {isa = PBXFileReference; lastKnownFileType = text.plist.xml; path = "TestTests-Info.plist"; sourceTree = "<group>"; };
		A67E4BFD186AC67900CC625B /* en */ = {isa = PBXFileReference; lastKnownFileType = text.plist.strings; name = en; path = en.lproj/InfoPlist.strings; sourceTree = "<group>"; };
		A67E4BFF186AC67900CC625B /* TestTests.m */ = {isa = PBXFileReference; lastKnownFileType = sourcecode.c.objc; path = TestTests.m; sourceTree = "<group>"; };
		A67E4C0D186AC76800CC625B /* TestLit.app */ = {isa = PBXFileReference; explicitFileType = wrapper.application; includeInIndex = 0; path = TestLit.app; sourceTree = BUILT_PRODUCTS_DIR; };
		A67E4C13186AC76800CC625B /* TestLit-Info.plist */ = {isa = PBXFileReference; lastKnownFileType = text.plist.xml; path = "TestLit-Info.plist"; sourceTree = "<group>"; };
		A67E4C15186AC76800CC625B /* en */ = {isa = PBXFileReference; lastKnownFileType = text.plist.strings; name = en; path = en.lproj/InfoPlist.strings; sourceTree = "<group>"; };
		A67E4C17186AC76800CC625B /* main.m */ = {isa = PBXFileReference; lastKnownFileType = sourcecode.c.objc; path = main.m; sourceTree = "<group>"; };
		A67E4C19186AC76800CC625B /* TestLit-Prefix.pch */ = {isa = PBXFileReference; lastKnownFileType = sourcecode.c.h; path = "TestLit-Prefix.pch"; sourceTree = "<group>"; };
		A67E4C23186AC76800CC625B /* Images.xcassets */ = {isa = PBXFileReference; lastKnownFileType = folder.assetcatalog; path = Images.xcassets; sourceTree = "<group>"; };
		A67E4C29186AC76800CC625B /* TestLitTests.xctest */ = {isa = PBXFileReference; explicitFileType = wrapper.cfbundle; includeInIndex = 0; path = TestLitTests.xctest; sourceTree = BUILT_PRODUCTS_DIR; };
		A67E4C31186AC76900CC625B /* TestLitTests-Info.plist */ = {isa = PBXFileReference; lastKnownFileType = text.plist.xml; path = "TestLitTests-Info.plist"; sourceTree = "<group>"; };
		A67E4C33186AC76900CC625B /* en */ = {isa = PBXFileReference; lastKnownFileType = text.plist.strings; name = en; path = en.lproj/InfoPlist.strings; sourceTree = "<group>"; };
		A67E4C35186AC76900CC625B /* TestLitTests.m */ = {isa = PBXFileReference; lastKnownFileType = sourcecode.c.objc; path = TestLitTests.m; sourceTree = "<group>"; };
		DAC55B17C3A8466A9E783152 /* Pods.xcconfig */ = {isa = PBXFileReference; includeInIndex = 1; lastKnownFileType = text.xcconfig; name = Pods.xcconfig; path = Pods/Pods.xcconfig; sourceTree = "<group>"; };
/* End PBXFileReference section */

/* Begin PBXFrameworksBuildPhase section */
		A67E4BCE186AC67900CC625B /* Frameworks */ = {
			isa = PBXFrameworksBuildPhase;
			buildActionMask = 2147483647;
			files = (
				A67E4BD7186AC67900CC625B /* CoreGraphics.framework in Frameworks */,
				A67E4BD9186AC67900CC625B /* UIKit.framework in Frameworks */,
				A67E4BD5186AC67900CC625B /* Foundation.framework in Frameworks */,
				A79FF296805849FCAFBD2F65 /* libPods.a in Frameworks */,
			);
			runOnlyForDeploymentPostprocessing = 0;
		};
		A67E4BEF186AC67900CC625B /* Frameworks */ = {
			isa = PBXFrameworksBuildPhase;
			buildActionMask = 2147483647;
			files = (
				A67E4BF4186AC67900CC625B /* XCTest.framework in Frameworks */,
				A67E4BF6186AC67900CC625B /* UIKit.framework in Frameworks */,
				A67E4BF5186AC67900CC625B /* Foundation.framework in Frameworks */,
			);
			runOnlyForDeploymentPostprocessing = 0;
		};
		A67E4C0A186AC76800CC625B /* Frameworks */ = {
			isa = PBXFrameworksBuildPhase;
			buildActionMask = 2147483647;
			files = (
				A67E4C0F186AC76800CC625B /* CoreGraphics.framework in Frameworks */,
				A67E4C10186AC76800CC625B /* UIKit.framework in Frameworks */,
				A67E4C0E186AC76800CC625B /* Foundation.framework in Frameworks */,
				2B58AABC6BD34E7E8925543A /* libPods.a in Frameworks */,
			);
			runOnlyForDeploymentPostprocessing = 0;
		};
		A67E4C26186AC76800CC625B /* Frameworks */ = {
			isa = PBXFrameworksBuildPhase;
			buildActionMask = 2147483647;
			files = (
				A67E4C2A186AC76800CC625B /* XCTest.framework in Frameworks */,
				A67E4C2C186AC76800CC625B /* UIKit.framework in Frameworks */,
				A67E4C2B186AC76800CC625B /* Foundation.framework in Frameworks */,
			);
			runOnlyForDeploymentPostprocessing = 0;
		};
/* End PBXFrameworksBuildPhase section */

/* Begin PBXGroup section */
		A67E4BC8186AC67900CC625B = {
			isa = PBXGroup;
			children = (
				A67E4BDA186AC67900CC625B /* Test */,
				A67E4BF9186AC67900CC625B /* TestTests */,
				A67E4C11186AC76800CC625B /* TestLit */,
				A67E4C2F186AC76800CC625B /* TestLitTests */,
				A67E4BD3186AC67900CC625B /* Frameworks */,
				A67E4BD2186AC67900CC625B /* Products */,
				DAC55B17C3A8466A9E783152 /* Pods.xcconfig */,
			);
			sourceTree = "<group>";
		};
		A67E4BD2186AC67900CC625B /* Products */ = {
			isa = PBXGroup;
			children = (
				A67E4BD1186AC67900CC625B /* Test.app */,
				A67E4BF2186AC67900CC625B /* TestTests.xctest */,
				A67E4C0D186AC76800CC625B /* TestLit.app */,
				A67E4C29186AC76800CC625B /* TestLitTests.xctest */,
			);
			name = Products;
			sourceTree = "<group>";
		};
		A67E4BD3186AC67900CC625B /* Frameworks */ = {
			isa = PBXGroup;
			children = (
				A67E4BD4186AC67900CC625B /* Foundation.framework */,
				A67E4BD6186AC67900CC625B /* CoreGraphics.framework */,
				A67E4BD8186AC67900CC625B /* UIKit.framework */,
				A67E4BF3186AC67900CC625B /* XCTest.framework */,
				309BC57378ED454B82B3E3F4 /* libPods.a */,
			);
			name = Frameworks;
			sourceTree = "<group>";
		};
		A67E4BDA186AC67900CC625B /* Test */ = {
			isa = PBXGroup;
			children = (
				A67E4BE3186AC67900CC625B /* AppDelegate.h */,
				A67E4BE4186AC67900CC625B /* AppDelegate.m */,
				A67E4BE6186AC67900CC625B /* Main.storyboard */,
				A67E4BE9186AC67900CC625B /* ViewController.h */,
				A67E4BEA186AC67900CC625B /* ViewController.m */,
				A67E4BEC186AC67900CC625B /* Images.xcassets */,
				A67E4BDB186AC67900CC625B /* Supporting Files */,
			);
			path = Test;
			sourceTree = "<group>";
		};
		A67E4BDB186AC67900CC625B /* Supporting Files */ = {
			isa = PBXGroup;
			children = (
				A67E4BDC186AC67900CC625B /* Test-Info.plist */,
				A67E4BDD186AC67900CC625B /* InfoPlist.strings */,
				A67E4BE0186AC67900CC625B /* main.m */,
				A67E4BE2186AC67900CC625B /* Test-Prefix.pch */,
			);
			name = "Supporting Files";
			sourceTree = "<group>";
		};
		A67E4BF9186AC67900CC625B /* TestTests */ = {
			isa = PBXGroup;
			children = (
				A67E4BFF186AC67900CC625B /* TestTests.m */,
				A67E4BFA186AC67900CC625B /* Supporting Files */,
			);
			path = TestTests;
			sourceTree = "<group>";
		};
		A67E4BFA186AC67900CC625B /* Supporting Files */ = {
			isa = PBXGroup;
			children = (
				A67E4BFB186AC67900CC625B /* TestTests-Info.plist */,
				A67E4BFC186AC67900CC625B /* InfoPlist.strings */,
			);
			name = "Supporting Files";
			sourceTree = "<group>";
		};
		A67E4C11186AC76800CC625B /* TestLit */ = {
			isa = PBXGroup;
			children = (
				A67E4C23186AC76800CC625B /* Images.xcassets */,
				A67E4C12186AC76800CC625B /* Supporting Files */,
			);
			path = TestLit;
			sourceTree = "<group>";
		};
		A67E4C12186AC76800CC625B /* Supporting Files */ = {
			isa = PBXGroup;
			children = (
				A67E4C13186AC76800CC625B /* TestLit-Info.plist */,
				A67E4C14186AC76800CC625B /* InfoPlist.strings */,
				A67E4C17186AC76800CC625B /* main.m */,
				A67E4C19186AC76800CC625B /* TestLit-Prefix.pch */,
			);
			name = "Supporting Files";
			sourceTree = "<group>";
		};
		A67E4C2F186AC76800CC625B /* TestLitTests */ = {
			isa = PBXGroup;
			children = (
				A67E4C35186AC76900CC625B /* TestLitTests.m */,
				A67E4C30186AC76900CC625B /* Supporting Files */,
			);
			path = TestLitTests;
			sourceTree = "<group>";
		};
		A67E4C30186AC76900CC625B /* Supporting Files */ = {
			isa = PBXGroup;
			children = (
				A67E4C31186AC76900CC625B /* TestLitTests-Info.plist */,
				A67E4C32186AC76900CC625B /* InfoPlist.strings */,
			);
			name = "Supporting Files";
			sourceTree = "<group>";
		};
/* End PBXGroup section */

/* Begin PBXNativeTarget section */
		A67E4BD0186AC67900CC625B /* Test */ = {
			isa = PBXNativeTarget;
			buildConfigurationList = A67E4C03186AC67900CC625B /* Build configuration list for PBXNativeTarget "Test" */;
			buildPhases = (
				213F47C202824C308510595D /* Check Pods Manifest.lock */,
				A67E4BCD186AC67900CC625B /* Sources */,
				A67E4BCE186AC67900CC625B /* Frameworks */,
				A67E4BCF186AC67900CC625B /* Resources */,
				5D4BBC2BD2E742BB887811C7 /* Copy Pods Resources */,
			);
			buildRules = (
			);
			dependencies = (
			);
			name = Test;
			productName = Test;
			productReference = A67E4BD1186AC67900CC625B /* Test.app */;
			productType = "com.apple.product-type.application";
		};
		A67E4BF1186AC67900CC625B /* TestTests */ = {
			isa = PBXNativeTarget;
			buildConfigurationList = A67E4C06186AC67900CC625B /* Build configuration list for PBXNativeTarget "TestTests" */;
			buildPhases = (
				A67E4BEE186AC67900CC625B /* Sources */,
				A67E4BEF186AC67900CC625B /* Frameworks */,
				A67E4BF0186AC67900CC625B /* Resources */,
			);
			buildRules = (
			);
			dependencies = (
				A67E4BF8186AC67900CC625B /* PBXTargetDependency */,
			);
			name = TestTests;
			productName = TestTests;
			productReference = A67E4BF2186AC67900CC625B /* TestTests.xctest */;
			productType = "com.apple.product-type.bundle.unit-test";
		};
		A67E4C0C186AC76800CC625B /* TestLit */ = {
			isa = PBXNativeTarget;
			buildConfigurationList = A67E4C3B186AC76900CC625B /* Build configuration list for PBXNativeTarget "TestLit" */;
			buildPhases = (
				85375E14D36B4E98B7310184 /* Check Pods Manifest.lock */,
				A67E4C09186AC76800CC625B /* Sources */,
				A67E4C0A186AC76800CC625B /* Frameworks */,
				A67E4C0B186AC76800CC625B /* Resources */,
				E5789FF4FD4D4570A0A10798 /* Copy Pods Resources */,
			);
			buildRules = (
			);
			dependencies = (
			);
			name = TestLit;
			productName = TestLit;
			productReference = A67E4C0D186AC76800CC625B /* TestLit.app */;
			productType = "com.apple.product-type.application";
		};
		A67E4C28186AC76800CC625B /* TestLitTests */ = {
			isa = PBXNativeTarget;
			buildConfigurationList = A67E4C3C186AC76900CC625B /* Build configuration list for PBXNativeTarget "TestLitTests" */;
			buildPhases = (
				A67E4C25186AC76800CC625B /* Sources */,
				A67E4C26186AC76800CC625B /* Frameworks */,
				A67E4C27186AC76800CC625B /* Resources */,
			);
			buildRules = (
			);
			dependencies = (
				A67E4C2E186AC76800CC625B /* PBXTargetDependency */,
			);
			name = TestLitTests;
			productName = TestLitTests;
			productReference = A67E4C29186AC76800CC625B /* TestLitTests.xctest */;
			productType = "com.apple.product-type.bundle.unit-test";
		};
/* End PBXNativeTarget section */

/* Begin PBXProject section */
		A67E4BC9186AC67900CC625B /* Project object */ = {
			isa = PBXProject;
			attributes = {
				LastUpgradeCheck = 0500;
				ORGANIZATIONNAME = "Peter Pan";
				TargetAttributes = {
					A67E4BF1186AC67900CC625B = {
						TestTargetID = A67E4BD0186AC67900CC625B;
					};
					A67E4C28186AC76800CC625B = {
						TestTargetID = A67E4BD0186AC67900CC625B;
					};
				};
			};
			buildConfigurationList = A67E4BCC186AC67900CC625B /* Build configuration list for PBXProject "Test" */;
			compatibilityVersion = "Xcode 3.2";
			developmentRegion = English;
			hasScannedForEncodings = 0;
			knownRegions = (
				en,
				Base,
			);
			mainGroup = A67E4BC8186AC67900CC625B;
			productRefGroup = A67E4BD2186AC67900CC625B /* Products */;
			projectDirPath = "";
			projectRoot = "";
			targets = (
				A67E4BD0186AC67900CC625B /* Test */,
				A67E4BF1186AC67900CC625B /* TestTests */,
				A67E4C0C186AC76800CC625B /* TestLit */,
				A67E4C28186AC76800CC625B /* TestLitTests */,
			);
		};
/* End PBXProject section */

/* Begin PBXResourcesBuildPhase section */
		A67E4BCF186AC67900CC625B /* Resources */ = {
			isa = PBXResourcesBuildPhase;
			buildActionMask = 2147483647;
			files = (
				A67E4BED186AC67900CC625B /* Images.xcassets in Resources */,
				A67E4BDF186AC67900CC625B /* InfoPlist.strings in Resources */,
				A67E4BE8186AC67900CC625B /* Main.storyboard in Resources */,
			);
			runOnlyForDeploymentPostprocessing = 0;
		};
		A67E4BF0186AC67900CC625B /* Resources */ = {
			isa = PBXResourcesBuildPhase;
			buildActionMask = 2147483647;
			files = (
				A67E4BFE186AC67900CC625B /* InfoPlist.strings in Resources */,
			);
			runOnlyForDeploymentPostprocessing = 0;
		};
		A67E4C0B186AC76800CC625B /* Resources */ = {
			isa = PBXResourcesBuildPhase;
			buildActionMask = 2147483647;
			files = (
				A67E4C3E186AC7EE00CC625B /* Main.storyboard in Resources */,
				A67E4C24186AC76800CC625B /* Images.xcassets in Resources */,
				A67E4C16186AC76800CC625B /* InfoPlist.strings in Resources */,
			);
			runOnlyForDeploymentPostprocessing = 0;
		};
		A67E4C27186AC76800CC625B /* Resources */ = {
			isa = PBXResourcesBuildPhase;
			buildActionMask = 2147483647;
			files = (
				A67E4C34186AC76900CC625B /* InfoPlist.strings in Resources */,
			);
			runOnlyForDeploymentPostprocessing = 0;
		};
/* End PBXResourcesBuildPhase section */

/* Begin PBXShellScriptBuildPhase section */
		213F47C202824C308510595D /* Check Pods Manifest.lock */ = {
			isa = PBXShellScriptBuildPhase;
			buildActionMask = 2147483647;
			files = (
			);
			inputPaths = (
			);
			name = "Check Pods Manifest.lock";
			outputPaths = (
			);
			runOnlyForDeploymentPostprocessing = 0;
			shellPath = /bin/sh;
			shellScript = "diff \"${PODS_ROOT}/../Podfile.lock\" \"${PODS_ROOT}/Manifest.lock\" > /dev/null\nif [[ $? != 0 ]] ; then\n    cat << EOM\nerror: The sandbox is not in sync with the Podfile.lock. Run 'pod install' or update your CocoaPods installation.\nEOM\n    exit 1\nfi\n";
			showEnvVarsInLog = 0;
		};
		5D4BBC2BD2E742BB887811C7 /* Copy Pods Resources */ = {
			isa = PBXShellScriptBuildPhase;
			buildActionMask = 2147483647;
			files = (
			);
			inputPaths = (
			);
			name = "Copy Pods Resources";
			outputPaths = (
			);
			runOnlyForDeploymentPostprocessing = 0;
			shellPath = /bin/sh;
			shellScript = "\"${SRCROOT}/Pods/Pods-resources.sh\"\n";
			showEnvVarsInLog = 0;
		};
		85375E14D36B4E98B7310184 /* Check Pods Manifest.lock */ = {
			isa = PBXShellScriptBuildPhase;
			buildActionMask = 2147483647;
			files = (
			);
			inputPaths = (
			);
			name = "Check Pods Manifest.lock";
			outputPaths = (
			);
			runOnlyForDeploymentPostprocessing = 0;
			shellPath = /bin/sh;
			shellScript = "diff \"${PODS_ROOT}/../Podfile.lock\" \"${PODS_ROOT}/Manifest.lock\" > /dev/null\nif [[ $? != 0 ]] ; then\n    cat << EOM\nerror: The sandbox is not in sync with the Podfile.lock. Run 'pod install' or update your CocoaPods installation.\nEOM\n    exit 1\nfi\n";
			showEnvVarsInLog = 0;
		};
		E5789FF4FD4D4570A0A10798 /* Copy Pods Resources */ = {
			isa = PBXShellScriptBuildPhase;
			buildActionMask = 2147483647;
			files = (
			);
			inputPaths = (
			);
			name = "Copy Pods Resources";
			outputPaths = (
			);
			runOnlyForDeploymentPostprocessing = 0;
			shellPath = /bin/sh;
			shellScript = "\"${SRCROOT}/Pods/Pods-resources.sh\"\n";
			showEnvVarsInLog = 0;
		};
/* End PBXShellScriptBuildPhase section */

/* Begin PBXSourcesBuildPhase section */
		A67E4BCD186AC67900CC625B /* Sources */ = {
			isa = PBXSourcesBuildPhase;
			buildActionMask = 2147483647;
			files = (
				A67E4BEB186AC67900CC625B /* ViewController.m in Sources */,
				A67E4BE5186AC67900CC625B /* AppDelegate.m in Sources */,
				A67E4BE1186AC67900CC625B /* main.m in Sources */,
			);
			runOnlyForDeploymentPostprocessing = 0;
		};
		A67E4BEE186AC67900CC625B /* Sources */ = {
			isa = PBXSourcesBuildPhase;
			buildActionMask = 2147483647;
			files = (
				A67E4C00186AC67900CC625B /* TestTests.m in Sources */,
			);
			runOnlyForDeploymentPostprocessing = 0;
		};
		A67E4C09186AC76800CC625B /* Sources */ = {
			isa = PBXSourcesBuildPhase;
			buildActionMask = 2147483647;
			files = (
				A67E4C3F186AC7F000CC625B /* ViewController.m in Sources */,
				A67E4C3D186AC7E400CC625B /* AppDelegate.m in Sources */,
				A67E4C18186AC76800CC625B /* main.m in Sources */,
			);
			runOnlyForDeploymentPostprocessing = 0;
		};
		A67E4C25186AC76800CC625B /* Sources */ = {
			isa = PBXSourcesBuildPhase;
			buildActionMask = 2147483647;
			files = (
				A67E4C36186AC76900CC625B /* TestLitTests.m in Sources */,
			);
			runOnlyForDeploymentPostprocessing = 0;
		};
/* End PBXSourcesBuildPhase section */

/* Begin PBXTargetDependency section */
		A67E4BF8186AC67900CC625B /* PBXTargetDependency */ = {
			isa = PBXTargetDependency;
			target = A67E4BD0186AC67900CC625B /* Test */;
			targetProxy = A67E4BF7186AC67900CC625B /* PBXContainerItemProxy */;
		};
		A67E4C2E186AC76800CC625B /* PBXTargetDependency */ = {
			isa = PBXTargetDependency;
			target = A67E4C0C186AC76800CC625B /* TestLit */;
			targetProxy = A67E4C2D186AC76800CC625B /* PBXContainerItemProxy */;
		};
/* End PBXTargetDependency section */

/* Begin PBXVariantGroup section */
		A67E4BDD186AC67900CC625B /* InfoPlist.strings */ = {
			isa = PBXVariantGroup;
			children = (
				A67E4BDE186AC67900CC625B /* en */,
			);
			name = InfoPlist.strings;
			sourceTree = "<group>";
		};
		A67E4BE6186AC67900CC625B /* Main.storyboard */ = {
			isa = PBXVariantGroup;
			children = (
				A67E4BE7186AC67900CC625B /* Base */,
			);
			name = Main.storyboard;
			sourceTree = "<group>";
		};
		A67E4BFC186AC67900CC625B /* InfoPlist.strings */ = {
			isa = PBXVariantGroup;
			children = (
				A67E4BFD186AC67900CC625B /* en */,
			);
			name = InfoPlist.strings;
			sourceTree = "<group>";
		};
		A67E4C14186AC76800CC625B /* InfoPlist.strings */ = {
			isa = PBXVariantGroup;
			children = (
				A67E4C15186AC76800CC625B /* en */,
			);
			name = InfoPlist.strings;
			sourceTree = "<group>";
		};
		A67E4C32186AC76900CC625B /* InfoPlist.strings */ = {
			isa = PBXVariantGroup;
			children = (
				A67E4C33186AC76900CC625B /* en */,
			);
			name = InfoPlist.strings;
			sourceTree = "<group>";
		};
/* End PBXVariantGroup section */

/* Begin XCBuildConfiguration section */
		A67E4C01186AC67900CC625B /* Debug */ = {
			isa = XCBuildConfiguration;
			buildSettings = {
				ALWAYS_SEARCH_USER_PATHS = NO;
				ARCHS = "$(ARCHS_STANDARD_INCLUDING_64_BIT)";
				CLANG_CXX_LANGUAGE_STANDARD = "gnu++0x";
				CLANG_CXX_LIBRARY = "libc++";
				CLANG_ENABLE_MODULES = YES;
				CLANG_ENABLE_OBJC_ARC = YES;
				CLANG_WARN_BOOL_CONVERSION = YES;
				CLANG_WARN_CONSTANT_CONVERSION = YES;
				CLANG_WARN_DIRECT_OBJC_ISA_USAGE = YES_ERROR;
				CLANG_WARN_EMPTY_BODY = YES;
				CLANG_WARN_ENUM_CONVERSION = YES;
				CLANG_WARN_INT_CONVERSION = YES;
				CLANG_WARN_OBJC_ROOT_CLASS = YES_ERROR;
				CLANG_WARN__DUPLICATE_METHOD_MATCH = YES;
				"CODE_SIGN_IDENTITY[sdk=iphoneos*]" = "iPhone Developer";
				COPY_PHASE_STRIP = NO;
				GCC_C_LANGUAGE_STANDARD = gnu99;
				GCC_DYNAMIC_NO_PIC = NO;
				GCC_OPTIMIZATION_LEVEL = 0;
				GCC_PREPROCESSOR_DEFINITIONS = (
					"DEBUG=1",
					"$(inherited)",
				);
				GCC_SYMBOLS_PRIVATE_EXTERN = NO;
				GCC_WARN_64_TO_32_BIT_CONVERSION = YES;
				GCC_WARN_ABOUT_RETURN_TYPE = YES_ERROR;
				GCC_WARN_UNDECLARED_SELECTOR = YES;
				GCC_WARN_UNINITIALIZED_AUTOS = YES;
				GCC_WARN_UNUSED_FUNCTION = YES;
				GCC_WARN_UNUSED_VARIABLE = YES;
				IPHONEOS_DEPLOYMENT_TARGET = 7.0;
				ONLY_ACTIVE_ARCH = YES;
				SDKROOT = iphoneos;
			};
			name = Debug;
		};
		A67E4C02186AC67900CC625B /* Release */ = {
			isa = XCBuildConfiguration;
			buildSettings = {
				ALWAYS_SEARCH_USER_PATHS = NO;
				ARCHS = "$(ARCHS_STANDARD_INCLUDING_64_BIT)";
				CLANG_CXX_LANGUAGE_STANDARD = "gnu++0x";
				CLANG_CXX_LIBRARY = "libc++";
				CLANG_ENABLE_MODULES = YES;
				CLANG_ENABLE_OBJC_ARC = YES;
				CLANG_WARN_BOOL_CONVERSION = YES;
				CLANG_WARN_CONSTANT_CONVERSION = YES;
				CLANG_WARN_DIRECT_OBJC_ISA_USAGE = YES_ERROR;
				CLANG_WARN_EMPTY_BODY = YES;
				CLANG_WARN_ENUM_CONVERSION = YES;
				CLANG_WARN_INT_CONVERSION = YES;
				CLANG_WARN_OBJC_ROOT_CLASS = YES_ERROR;
				CLANG_WARN__DUPLICATE_METHOD_MATCH = YES;
				"CODE_SIGN_IDENTITY[sdk=iphoneos*]" = "iPhone Developer";
				COPY_PHASE_STRIP = YES;
				ENABLE_NS_ASSERTIONS = NO;
				GCC_C_LANGUAGE_STANDARD = gnu99;
				GCC_WARN_64_TO_32_BIT_CONVERSION = YES;
				GCC_WARN_ABOUT_RETURN_TYPE = YES_ERROR;
				GCC_WARN_UNDECLARED_SELECTOR = YES;
				GCC_WARN_UNINITIALIZED_AUTOS = YES;
				GCC_WARN_UNUSED_FUNCTION = YES;
				GCC_WARN_UNUSED_VARIABLE = YES;
				IPHONEOS_DEPLOYMENT_TARGET = 7.0;
				SDKROOT = iphoneos;
				VALIDATE_PRODUCT = YES;
			};
			name = Release;
		};
		A67E4C04186AC67900CC625B /* Debug */ = {
			isa = XCBuildConfiguration;
			baseConfigurationReference = DAC55B17C3A8466A9E783152 /* Pods.xcconfig */;
			buildSettings = {
				ASSETCATALOG_COMPILER_APPICON_NAME = AppIcon;
				ASSETCATALOG_COMPILER_LAUNCHIMAGE_NAME = LaunchImage;
				GCC_PRECOMPILE_PREFIX_HEADER = YES;
				GCC_PREFIX_HEADER = "Test/Test-Prefix.pch";
				INFOPLIST_FILE = "Test/Test-Info.plist";
				PRODUCT_NAME = "$(TARGET_NAME)";
				WRAPPER_EXTENSION = app;
			};
			name = Debug;
		};
		A67E4C05186AC67900CC625B /* Release */ = {
			isa = XCBuildConfiguration;
			baseConfigurationReference = DAC55B17C3A8466A9E783152 /* Pods.xcconfig */;
			buildSettings = {
				ASSETCATALOG_COMPILER_APPICON_NAME = AppIcon;
				ASSETCATALOG_COMPILER_LAUNCHIMAGE_NAME = LaunchImage;
				GCC_PRECOMPILE_PREFIX_HEADER = YES;
				GCC_PREFIX_HEADER = "Test/Test-Prefix.pch";
				INFOPLIST_FILE = "Test/Test-Info.plist";
				PRODUCT_NAME = "$(TARGET_NAME)";
				WRAPPER_EXTENSION = app;
			};
			name = Release;
		};
		A67E4C07186AC67900CC625B /* Debug */ = {
			isa = XCBuildConfiguration;
			buildSettings = {
				ARCHS = "$(ARCHS_STANDARD_INCLUDING_64_BIT)";
				BUNDLE_LOADER = "$(BUILT_PRODUCTS_DIR)/Test.app/Test";
				FRAMEWORK_SEARCH_PATHS = (
					"$(SDKROOT)/Developer/Library/Frameworks",
					"$(inherited)",
					"$(DEVELOPER_FRAMEWORKS_DIR)",
				);
				GCC_PRECOMPILE_PREFIX_HEADER = YES;
				GCC_PREFIX_HEADER = "Test/Test-Prefix.pch";
				GCC_PREPROCESSOR_DEFINITIONS = (
					"DEBUG=1",
					"$(inherited)",
				);
				INFOPLIST_FILE = "TestTests/TestTests-Info.plist";
				PRODUCT_NAME = "$(TARGET_NAME)";
				TEST_HOST = "$(BUNDLE_LOADER)";
				WRAPPER_EXTENSION = xctest;
			};
			name = Debug;
		};
		A67E4C08186AC67900CC625B /* Release */ = {
			isa = XCBuildConfiguration;
			buildSettings = {
				ARCHS = "$(ARCHS_STANDARD_INCLUDING_64_BIT)";
				BUNDLE_LOADER = "$(BUILT_PRODUCTS_DIR)/Test.app/Test";
				FRAMEWORK_SEARCH_PATHS = (
					"$(SDKROOT)/Developer/Library/Frameworks",
					"$(inherited)",
					"$(DEVELOPER_FRAMEWORKS_DIR)",
				);
				GCC_PRECOMPILE_PREFIX_HEADER = YES;
				GCC_PREFIX_HEADER = "Test/Test-Prefix.pch";
				INFOPLIST_FILE = "TestTests/TestTests-Info.plist";
				PRODUCT_NAME = "$(TARGET_NAME)";
				TEST_HOST = "$(BUNDLE_LOADER)";
				WRAPPER_EXTENSION = xctest;
			};
			name = Release;
		};
		A67E4C37186AC76900CC625B /* Debug */ = {
			isa = XCBuildConfiguration;
			baseConfigurationReference = DAC55B17C3A8466A9E783152 /* Pods.xcconfig */;
			buildSettings = {
				ARCHS = "$(ARCHS_STANDARD_INCLUDING_64_BIT)";
				ASSETCATALOG_COMPILER_APPICON_NAME = AppIcon;
				ASSETCATALOG_COMPILER_LAUNCHIMAGE_NAME = LaunchImage;
				GCC_PRECOMPILE_PREFIX_HEADER = YES;
				GCC_PREFIX_HEADER = "TestLit/TestLit-Prefix.pch";
				GCC_PREPROCESSOR_DEFINITIONS = (
					"DEBUG=1",
					"$(inherited)",
				);
				INFOPLIST_FILE = "TestLit/TestLit-Info.plist";
				PRODUCT_NAME = "$(TARGET_NAME)";
				WRAPPER_EXTENSION = app;
			};
			name = Debug;
		};
		A67E4C38186AC76900CC625B /* Release */ = {
			isa = XCBuildConfiguration;
			baseConfigurationReference = DAC55B17C3A8466A9E783152 /* Pods.xcconfig */;
			buildSettings = {
				ARCHS = "$(ARCHS_STANDARD_INCLUDING_64_BIT)";
				ASSETCATALOG_COMPILER_APPICON_NAME = AppIcon;
				ASSETCATALOG_COMPILER_LAUNCHIMAGE_NAME = LaunchImage;
				GCC_PRECOMPILE_PREFIX_HEADER = YES;
				GCC_PREFIX_HEADER = "TestLit/TestLit-Prefix.pch";
				INFOPLIST_FILE = "TestLit/TestLit-Info.plist";
				PRODUCT_NAME = "$(TARGET_NAME)";
				WRAPPER_EXTENSION = app;
			};
			name = Release;
		};
		A67E4C39186AC76900CC625B /* Debug */ = {
			isa = XCBuildConfiguration;
			buildSettings = {
				ARCHS = "$(ARCHS_STANDARD_INCLUDING_64_BIT)";
				BUNDLE_LOADER = "$(BUILT_PRODUCTS_DIR)/Test.app/Test";
				FRAMEWORK_SEARCH_PATHS = (
					"$(SDKROOT)/Developer/Library/Frameworks",
					"$(inherited)",
					"$(DEVELOPER_FRAMEWORKS_DIR)",
				);
				GCC_PRECOMPILE_PREFIX_HEADER = YES;
				GCC_PREFIX_HEADER = "TestLit/TestLit-Prefix.pch";
				GCC_PREPROCESSOR_DEFINITIONS = (
					"DEBUG=1",
					"$(inherited)",
				);
				INFOPLIST_FILE = "TestLitTests/TestLitTests-Info.plist";
				PRODUCT_NAME = "$(TARGET_NAME)";
				TEST_HOST = "$(BUNDLE_LOADER)";
				WRAPPER_EXTENSION = xctest;
			};
			name = Debug;
		};
		A67E4C3A186AC76900CC625B /* Release */ = {
			isa = XCBuildConfiguration;
			buildSettings = {
				ARCHS = "$(ARCHS_STANDARD_INCLUDING_64_BIT)";
				BUNDLE_LOADER = "$(BUILT_PRODUCTS_DIR)/Test.app/Test";
				FRAMEWORK_SEARCH_PATHS = (
					"$(SDKROOT)/Developer/Library/Frameworks",
					"$(inherited)",
					"$(DEVELOPER_FRAMEWORKS_DIR)",
				);
				GCC_PRECOMPILE_PREFIX_HEADER = YES;
				GCC_PREFIX_HEADER = "TestLit/TestLit-Prefix.pch";
				INFOPLIST_FILE = "TestLitTests/TestLitTests-Info.plist";
				PRODUCT_NAME = "$(TARGET_NAME)";
				TEST_HOST = "$(BUNDLE_LOADER)";
				WRAPPER_EXTENSION = xctest;
			};
			name = Release;
		};
/* End XCBuildConfiguration section */

/* Begin XCConfigurationList section */
		A67E4BCC186AC67900CC625B /* Build configuration list for PBXProject "Test" */ = {
			isa = XCConfigurationList;
			buildConfigurations = (
				A67E4C01186AC67900CC625B /* Debug */,
				A67E4C02186AC67900CC625B /* Release */,
			);
			defaultConfigurationIsVisible = 0;
			defaultConfigurationName = Release;
		};
		A67E4C03186AC67900CC625B /* Build configuration list for PBXNativeTarget "Test" */ = {
			isa = XCConfigurationList;
			buildConfigurations = (
				A67E4C04186AC67900CC625B /* Debug */,
				A67E4C05186AC67900CC625B /* Release */,
			);
			defaultConfigurationIsVisible = 0;
			defaultConfigurationName = Release;
		};
		A67E4C06186AC67900CC625B /* Build configuration list for PBXNativeTarget "TestTests" */ = {
			isa = XCConfigurationList;
			buildConfigurations = (
				A67E4C07186AC67900CC625B /* Debug */,
				A67E4C08186AC67900CC625B /* Release */,
			);
			defaultConfigurationIsVisible = 0;
			defaultConfigurationName = Release;
		};
		A67E4C3B186AC76900CC625B /* Build configuration list for PBXNativeTarget "TestLit" */ = {
			isa = XCConfigurationList;
			buildConfigurations = (
				A67E4C37186AC76900CC625B /* Debug */,
				A67E4C38186AC76900CC625B /* Release */,
			);
			defaultConfigurationIsVisible = 0;
			defaultConfigurationName = Release;
		};
		A67E4C3C186AC76900CC625B /* Build configuration list for PBXNativeTarget "TestLitTests" */ = {
			isa = XCConfigurationList;
			buildConfigurations = (
				A67E4C39186AC76900CC625B /* Debug */,
				A67E4C3A186AC76900CC625B /* Release */,
			);
			defaultConfigurationIsVisible = 0;
			defaultConfigurationName = Release;
		};
/* End XCConfigurationList section */
	};
	rootObject = A67E4BC9186AC67900CC625B /* Project object */;
}
